// !$*UTF8*$!
{
	archiveVersion = 1;
	classes = {
	};
	objectVersion = 56;
	objects = {

/* Begin PBXBuildFile section */
		154032C92BE372EA008926CA /* BlabberModel.swift in Sources */ = {isa = PBXBuildFile; fileRef = 154032C82BE372EA008926CA /* BlabberModel.swift */; };
		154032CB2BE375FF008926CA /* DataModels.swift in Sources */ = {isa = PBXBuildFile; fileRef = 154032CA2BE375FF008926CA /* DataModels.swift */; };
		154032CD2BE62E2A008926CA /* MessageView.swift in Sources */ = {isa = PBXBuildFile; fileRef = 154032CC2BE62E2A008926CA /* MessageView.swift */; };
		154032D02BE6AA81008926CA /* Utility.swift in Sources */ = {isa = PBXBuildFile; fileRef = 154032CF2BE6AA81008926CA /* Utility.swift */; };
		159E508C2BD0C9190090FD01 /* BlabberApp.swift in Sources */ = {isa = PBXBuildFile; fileRef = 159E508B2BD0C9190090FD01 /* BlabberApp.swift */; };
		159E508E2BD0C9190090FD01 /* LoginView.swift in Sources */ = {isa = PBXBuildFile; fileRef = 159E508D2BD0C9190090FD01 /* LoginView.swift */; };
		159E50932BD0C91A0090FD01 /* Preview Assets.xcassets in Resources */ = {isa = PBXBuildFile; fileRef = 159E50922BD0C91A0090FD01 /* Preview Assets.xcassets */; };
		159E509D2BD0C91A0090FD01 /* BlabberTests.swift in Sources */ = {isa = PBXBuildFile; fileRef = 159E509C2BD0C91A0090FD01 /* BlabberTests.swift */; };
		159E50A72BD0C91A0090FD01 /* BlabberUITests.swift in Sources */ = {isa = PBXBuildFile; fileRef = 159E50A62BD0C91A0090FD01 /* BlabberUITests.swift */; };
		159E50A92BD0C91A0090FD01 /* BlabberUITestsLaunchTests.swift in Sources */ = {isa = PBXBuildFile; fileRef = 159E50A82BD0C91A0090FD01 /* BlabberUITestsLaunchTests.swift */; };
		159E50BD2BD0C96F0090FD01 /* 19919.ttf in Resources */ = {isa = PBXBuildFile; fileRef = 159E50B92BD0C96F0090FD01 /* 19919.ttf */; };
		159E50BE2BD0C96F0090FD01 /* Assets.xcassets in Resources */ = {isa = PBXBuildFile; fileRef = 159E50BA2BD0C96F0090FD01 /* Assets.xcassets */; };
		159E50BF2BD0C96F0090FD01 /* LICENSE in Resources */ = {isa = PBXBuildFile; fileRef = 159E50BB2BD0C96F0090FD01 /* LICENSE */; };
		159E50C32BD0CCB00090FD01 /* ChatView.swift in Sources */ = {isa = PBXBuildFile; fileRef = 159E50C22BD0CCB00090FD01 /* ChatView.swift */; };
/* End PBXBuildFile section */

/* Begin PBXContainerItemProxy section */
		159E50992BD0C91A0090FD01 /* PBXContainerItemProxy */ = {
			isa = PBXContainerItemProxy;
			containerPortal = 159E50802BD0C9190090FD01 /* Project object */;
			proxyType = 1;
			remoteGlobalIDString = 159E50872BD0C9190090FD01;
			remoteInfo = Blabber;
		};
		159E50A32BD0C91A0090FD01 /* PBXContainerItemProxy */ = {
			isa = PBXContainerItemProxy;
			containerPortal = 159E50802BD0C9190090FD01 /* Project object */;
			proxyType = 1;
			remoteGlobalIDString = 159E50872BD0C9190090FD01;
			remoteInfo = Blabber;
		};
/* End PBXContainerItemProxy section */

/* Begin PBXFileReference section */
		154032C82BE372EA008926CA /* BlabberModel.swift */ = {isa = PBXFileReference; lastKnownFileType = sourcecode.swift; path = BlabberModel.swift; sourceTree = "<group>"; };
		154032CA2BE375FF008926CA /* DataModels.swift */ = {isa = PBXFileReference; lastKnownFileType = sourcecode.swift; path = DataModels.swift; sourceTree = "<group>"; };
		154032CC2BE62E2A008926CA /* MessageView.swift */ = {isa = PBXFileReference; lastKnownFileType = sourcecode.swift; path = MessageView.swift; sourceTree = "<group>"; };
		154032CF2BE6AA81008926CA /* Utility.swift */ = {isa = PBXFileReference; lastKnownFileType = sourcecode.swift; path = Utility.swift; sourceTree = "<group>"; };
		159E50882BD0C9190090FD01 /* Blabber.app */ = {isa = PBXFileReference; explicitFileType = wrapper.application; includeInIndex = 0; path = Blabber.app; sourceTree = BUILT_PRODUCTS_DIR; };
		159E508B2BD0C9190090FD01 /* BlabberApp.swift */ = {isa = PBXFileReference; lastKnownFileType = sourcecode.swift; path = BlabberApp.swift; sourceTree = "<group>"; };
		159E508D2BD0C9190090FD01 /* LoginView.swift */ = {isa = PBXFileReference; lastKnownFileType = sourcecode.swift; path = LoginView.swift; sourceTree = "<group>"; };
		159E50922BD0C91A0090FD01 /* Preview Assets.xcassets */ = {isa = PBXFileReference; lastKnownFileType = folder.assetcatalog; path = "Preview Assets.xcassets"; sourceTree = "<group>"; };
		159E50982BD0C91A0090FD01 /* BlabberTests.xctest */ = {isa = PBXFileReference; explicitFileType = wrapper.cfbundle; includeInIndex = 0; path = BlabberTests.xctest; sourceTree = BUILT_PRODUCTS_DIR; };
		159E509C2BD0C91A0090FD01 /* BlabberTests.swift */ = {isa = PBXFileReference; lastKnownFileType = sourcecode.swift; path = BlabberTests.swift; sourceTree = "<group>"; };
		159E50A22BD0C91A0090FD01 /* BlabberUITests.xctest */ = {isa = PBXFileReference; explicitFileType = wrapper.cfbundle; includeInIndex = 0; path = BlabberUITests.xctest; sourceTree = BUILT_PRODUCTS_DIR; };
		159E50A62BD0C91A0090FD01 /* BlabberUITests.swift */ = {isa = PBXFileReference; lastKnownFileType = sourcecode.swift; path = BlabberUITests.swift; sourceTree = "<group>"; };
		159E50A82BD0C91A0090FD01 /* BlabberUITestsLaunchTests.swift */ = {isa = PBXFileReference; lastKnownFileType = sourcecode.swift; path = BlabberUITestsLaunchTests.swift; sourceTree = "<group>"; };
		159E50B92BD0C96F0090FD01 /* 19919.ttf */ = {isa = PBXFileReference; lastKnownFileType = file; path = 19919.ttf; sourceTree = "<group>"; };
		159E50BA2BD0C96F0090FD01 /* Assets.xcassets */ = {isa = PBXFileReference; lastKnownFileType = folder.assetcatalog; path = Assets.xcassets; sourceTree = "<group>"; };
		159E50BB2BD0C96F0090FD01 /* LICENSE */ = {isa = PBXFileReference; fileEncoding = 4; lastKnownFileType = text; path = LICENSE; sourceTree = "<group>"; };
		159E50C02BD0CB3A0090FD01 /* Info.plist */ = {isa = PBXFileReference; lastKnownFileType = text.plist; path = Info.plist; sourceTree = "<group>"; };
		159E50C22BD0CCB00090FD01 /* ChatView.swift */ = {isa = PBXFileReference; lastKnownFileType = sourcecode.swift; path = ChatView.swift; sourceTree = "<group>"; };
/* End PBXFileReference section */

/* Begin PBXFrameworksBuildPhase section */
		159E50852BD0C9190090FD01 /* Frameworks */ = {
			isa = PBXFrameworksBuildPhase;
			buildActionMask = 2147483647;
			files = (
			);
			runOnlyForDeploymentPostprocessing = 0;
		};
		159E50952BD0C91A0090FD01 /* Frameworks */ = {
			isa = PBXFrameworksBuildPhase;
			buildActionMask = 2147483647;
			files = (
			);
			runOnlyForDeploymentPostprocessing = 0;
		};
		159E509F2BD0C91A0090FD01 /* Frameworks */ = {
			isa = PBXFrameworksBuildPhase;
			buildActionMask = 2147483647;
			files = (
			);
			runOnlyForDeploymentPostprocessing = 0;
		};
/* End PBXFrameworksBuildPhase section */

/* Begin PBXGroup section */
		154032C72BE372D7008926CA /* Model */ = {
			isa = PBXGroup;
			children = (
				154032C82BE372EA008926CA /* BlabberModel.swift */,
				154032CA2BE375FF008926CA /* DataModels.swift */,
			);
			path = Model;
			sourceTree = "<group>";
		};
		154032CE2BE6AA6B008926CA /* Utilities */ = {
			isa = PBXGroup;
			children = (
				154032CF2BE6AA81008926CA /* Utility.swift */,
			);
			path = Utilities;
			sourceTree = "<group>";
		};
		159E507F2BD0C9190090FD01 = {
			isa = PBXGroup;
			children = (
				159E508A2BD0C9190090FD01 /* Blabber */,
				159E509B2BD0C91A0090FD01 /* BlabberTests */,
				159E50A52BD0C91A0090FD01 /* BlabberUITests */,
				159E50892BD0C9190090FD01 /* Products */,
			);
			sourceTree = "<group>";
		};
		159E50892BD0C9190090FD01 /* Products */ = {
			isa = PBXGroup;
			children = (
				159E50882BD0C9190090FD01 /* Blabber.app */,
				159E50982BD0C91A0090FD01 /* BlabberTests.xctest */,
				159E50A22BD0C91A0090FD01 /* BlabberUITests.xctest */,
			);
			name = Products;
			sourceTree = "<group>";
		};
		159E508A2BD0C9190090FD01 /* Blabber */ = {
			isa = PBXGroup;
			children = (
				154032CE2BE6AA6B008926CA /* Utilities */,
				154032C72BE372D7008926CA /* Model */,
				159E50C02BD0CB3A0090FD01 /* Info.plist */,
				159E50BC2BD0C96F0090FD01 /* Assets */,
				159E508B2BD0C9190090FD01 /* BlabberApp.swift */,
				159E508D2BD0C9190090FD01 /* LoginView.swift */,
				159E50912BD0C91A0090FD01 /* Preview Content */,
				159E50C22BD0CCB00090FD01 /* ChatView.swift */,
				154032CC2BE62E2A008926CA /* MessageView.swift */,
			);
			path = Blabber;
			sourceTree = "<group>";
		};
		159E50912BD0C91A0090FD01 /* Preview Content */ = {
			isa = PBXGroup;
			children = (
				159E50922BD0C91A0090FD01 /* Preview Assets.xcassets */,
			);
			path = "Preview Content";
			sourceTree = "<group>";
		};
		159E509B2BD0C91A0090FD01 /* BlabberTests */ = {
			isa = PBXGroup;
			children = (
				159E509C2BD0C91A0090FD01 /* BlabberTests.swift */,
			);
			path = BlabberTests;
			sourceTree = "<group>";
		};
		159E50A52BD0C91A0090FD01 /* BlabberUITests */ = {
			isa = PBXGroup;
			children = (
				159E50A62BD0C91A0090FD01 /* BlabberUITests.swift */,
				159E50A82BD0C91A0090FD01 /* BlabberUITestsLaunchTests.swift */,
			);
			path = BlabberUITests;
			sourceTree = "<group>";
		};
		159E50BC2BD0C96F0090FD01 /* Assets */ = {
			isa = PBXGroup;
			children = (
				159E50B92BD0C96F0090FD01 /* 19919.ttf */,
				159E50BA2BD0C96F0090FD01 /* Assets.xcassets */,
				159E50BB2BD0C96F0090FD01 /* LICENSE */,
			);
			path = Assets;
			sourceTree = "<group>";
		};
/* End PBXGroup section */

/* Begin PBXNativeTarget section */
		159E50872BD0C9190090FD01 /* Blabber */ = {
			isa = PBXNativeTarget;
			buildConfigurationList = 159E50AC2BD0C91A0090FD01 /* Build configuration list for PBXNativeTarget "Blabber" */;
			buildPhases = (
				159E50842BD0C9190090FD01 /* Sources */,
				159E50852BD0C9190090FD01 /* Frameworks */,
				159E50862BD0C9190090FD01 /* Resources */,
			);
			buildRules = (
			);
			dependencies = (
			);
			name = Blabber;
			productName = Blabber;
			productReference = 159E50882BD0C9190090FD01 /* Blabber.app */;
			productType = "com.apple.product-type.application";
		};
		159E50972BD0C91A0090FD01 /* BlabberTests */ = {
			isa = PBXNativeTarget;
			buildConfigurationList = 159E50AF2BD0C91A0090FD01 /* Build configuration list for PBXNativeTarget "BlabberTests" */;
			buildPhases = (
				159E50942BD0C91A0090FD01 /* Sources */,
				159E50952BD0C91A0090FD01 /* Frameworks */,
				159E50962BD0C91A0090FD01 /* Resources */,
			);
			buildRules = (
			);
			dependencies = (
				159E509A2BD0C91A0090FD01 /* PBXTargetDependency */,
			);
			name = BlabberTests;
			productName = BlabberTests;
			productReference = 159E50982BD0C91A0090FD01 /* BlabberTests.xctest */;
			productType = "com.apple.product-type.bundle.unit-test";
		};
		159E50A12BD0C91A0090FD01 /* BlabberUITests */ = {
			isa = PBXNativeTarget;
			buildConfigurationList = 159E50B22BD0C91A0090FD01 /* Build configuration list for PBXNativeTarget "BlabberUITests" */;
			buildPhases = (
				159E509E2BD0C91A0090FD01 /* Sources */,
				159E509F2BD0C91A0090FD01 /* Frameworks */,
				159E50A02BD0C91A0090FD01 /* Resources */,
			);
			buildRules = (
			);
			dependencies = (
				159E50A42BD0C91A0090FD01 /* PBXTargetDependency */,
			);
			name = BlabberUITests;
			productName = BlabberUITests;
			productReference = 159E50A22BD0C91A0090FD01 /* BlabberUITests.xctest */;
			productType = "com.apple.product-type.bundle.ui-testing";
		};
/* End PBXNativeTarget section */

/* Begin PBXProject section */
		159E50802BD0C9190090FD01 /* Project object */ = {
			isa = PBXProject;
			attributes = {
				BuildIndependentTargetsInParallel = 1;
				LastSwiftUpdateCheck = 1530;
				LastUpgradeCheck = 1530;
				TargetAttributes = {
					159E50872BD0C9190090FD01 = {
						CreatedOnToolsVersion = 15.3;
					};
					159E50972BD0C91A0090FD01 = {
						CreatedOnToolsVersion = 15.3;
						TestTargetID = 159E50872BD0C9190090FD01;
					};
					159E50A12BD0C91A0090FD01 = {
						CreatedOnToolsVersion = 15.3;
						TestTargetID = 159E50872BD0C9190090FD01;
					};
				};
			};
			buildConfigurationList = 159E50832BD0C9190090FD01 /* Build configuration list for PBXProject "Blabber" */;
			compatibilityVersion = "Xcode 14.0";
			developmentRegion = en;
			hasScannedForEncodings = 0;
			knownRegions = (
				en,
				Base,
			);
			mainGroup = 159E507F2BD0C9190090FD01;
			productRefGroup = 159E50892BD0C9190090FD01 /* Products */;
			projectDirPath = "";
			projectRoot = "";
			targets = (
				159E50872BD0C9190090FD01 /* Blabber */,
				159E50972BD0C91A0090FD01 /* BlabberTests */,
				159E50A12BD0C91A0090FD01 /* BlabberUITests */,
			);
		};
/* End PBXProject section */

/* Begin PBXResourcesBuildPhase section */
		159E50862BD0C9190090FD01 /* Resources */ = {
			isa = PBXResourcesBuildPhase;
			buildActionMask = 2147483647;
			files = (
				159E50BD2BD0C96F0090FD01 /* 19919.ttf in Resources */,
				159E50BE2BD0C96F0090FD01 /* Assets.xcassets in Resources */,
				159E50932BD0C91A0090FD01 /* Preview Assets.xcassets in Resources */,
				159E50BF2BD0C96F0090FD01 /* LICENSE in Resources */,
			);
			runOnlyForDeploymentPostprocessing = 0;
		};
		159E50962BD0C91A0090FD01 /* Resources */ = {
			isa = PBXResourcesBuildPhase;
			buildActionMask = 2147483647;
			files = (
			);
			runOnlyForDeploymentPostprocessing = 0;
		};
		159E50A02BD0C91A0090FD01 /* Resources */ = {
			isa = PBXResourcesBuildPhase;
			buildActionMask = 2147483647;
			files = (
			);
			runOnlyForDeploymentPostprocessing = 0;
		};
/* End PBXResourcesBuildPhase section */

/* Begin PBXSourcesBuildPhase section */
		159E50842BD0C9190090FD01 /* Sources */ = {
			isa = PBXSourcesBuildPhase;
			buildActionMask = 2147483647;
			files = (
				154032D02BE6AA81008926CA /* Utility.swift in Sources */,
				154032CD2BE62E2A008926CA /* MessageView.swift in Sources */,
				154032C92BE372EA008926CA /* BlabberModel.swift in Sources */,
				159E508E2BD0C9190090FD01 /* LoginView.swift in Sources */,
				154032CB2BE375FF008926CA /* DataModels.swift in Sources */,
				159E50C32BD0CCB00090FD01 /* ChatView.swift in Sources */,
				159E508C2BD0C9190090FD01 /* BlabberApp.swift in Sources */,
			);
			runOnlyForDeploymentPostprocessing = 0;
		};
		159E50942BD0C91A0090FD01 /* Sources */ = {
			isa = PBXSourcesBuildPhase;
			buildActionMask = 2147483647;
			files = (
				159E509D2BD0C91A0090FD01 /* BlabberTests.swift in Sources */,
			);
			runOnlyForDeploymentPostprocessing = 0;
		};
		159E509E2BD0C91A0090FD01 /* Sources */ = {
			isa = PBXSourcesBuildPhase;
			buildActionMask = 2147483647;
			files = (
				159E50A72BD0C91A0090FD01 /* BlabberUITests.swift in Sources */,
				159E50A92BD0C91A0090FD01 /* BlabberUITestsLaunchTests.swift in Sources */,
			);
			runOnlyForDeploymentPostprocessing = 0;
		};
/* End PBXSourcesBuildPhase section */

/* Begin PBXTargetDependency section */
		159E509A2BD0C91A0090FD01 /* PBXTargetDependency */ = {
			isa = PBXTargetDependency;
			target = 159E50872BD0C9190090FD01 /* Blabber */;
			targetProxy = 159E50992BD0C91A0090FD01 /* PBXContainerItemProxy */;
		};
		159E50A42BD0C91A0090FD01 /* PBXTargetDependency */ = {
			isa = PBXTargetDependency;
			target = 159E50872BD0C9190090FD01 /* Blabber */;
			targetProxy = 159E50A32BD0C91A0090FD01 /* PBXContainerItemProxy */;
		};
/* End PBXTargetDependency section */

/* Begin XCBuildConfiguration section */
		159E50AA2BD0C91A0090FD01 /* Debug */ = {
			isa = XCBuildConfiguration;
			buildSettings = {
				ALWAYS_SEARCH_USER_PATHS = NO;
				ASSETCATALOG_COMPILER_GENERATE_SWIFT_ASSET_SYMBOL_EXTENSIONS = YES;
				CLANG_ANALYZER_NONNULL = YES;
				CLANG_ANALYZER_NUMBER_OBJECT_CONVERSION = YES_AGGRESSIVE;
				CLANG_CXX_LANGUAGE_STANDARD = "gnu++20";
				CLANG_ENABLE_MODULES = YES;
				CLANG_ENABLE_OBJC_ARC = YES;
				CLANG_ENABLE_OBJC_WEAK = YES;
				CLANG_WARN_BLOCK_CAPTURE_AUTORELEASING = YES;
				CLANG_WARN_BOOL_CONVERSION = YES;
				CLANG_WARN_COMMA = YES;
				CLANG_WARN_CONSTANT_CONVERSION = YES;
				CLANG_WARN_DEPRECATED_OBJC_IMPLEMENTATIONS = YES;
				CLANG_WARN_DIRECT_OBJC_ISA_USAGE = YES_ERROR;
				CLANG_WARN_DOCUMENTATION_COMMENTS = YES;
				CLANG_WARN_EMPTY_BODY = YES;
				CLANG_WARN_ENUM_CONVERSION = YES;
				CLANG_WARN_INFINITE_RECURSION = YES;
				CLANG_WARN_INT_CONVERSION = YES;
				CLANG_WARN_NON_LITERAL_NULL_CONVERSION = YES;
				CLANG_WARN_OBJC_IMPLICIT_RETAIN_SELF = YES;
				CLANG_WARN_OBJC_LITERAL_CONVERSION = YES;
				CLANG_WARN_OBJC_ROOT_CLASS = YES_ERROR;
				CLANG_WARN_QUOTED_INCLUDE_IN_FRAMEWORK_HEADER = YES;
				CLANG_WARN_RANGE_LOOP_ANALYSIS = YES;
				CLANG_WARN_STRICT_PROTOTYPES = YES;
				CLANG_WARN_SUSPICIOUS_MOVE = YES;
				CLANG_WARN_UNGUARDED_AVAILABILITY = YES_AGGRESSIVE;
				CLANG_WARN_UNREACHABLE_CODE = YES;
				CLANG_WARN__DUPLICATE_METHOD_MATCH = YES;
				COPY_PHASE_STRIP = NO;
				DEBUG_INFORMATION_FORMAT = dwarf;
				ENABLE_STRICT_OBJC_MSGSEND = YES;
				ENABLE_TESTABILITY = YES;
				ENABLE_USER_SCRIPT_SANDBOXING = YES;
				GCC_C_LANGUAGE_STANDARD = gnu17;
				GCC_DYNAMIC_NO_PIC = NO;
				GCC_NO_COMMON_BLOCKS = YES;
				GCC_OPTIMIZATION_LEVEL = 0;
				GCC_PREPROCESSOR_DEFINITIONS = (
					"DEBUG=1",
					"$(inherited)",
				);
				GCC_WARN_64_TO_32_BIT_CONVERSION = YES;
				GCC_WARN_ABOUT_RETURN_TYPE = YES_ERROR;
				GCC_WARN_UNDECLARED_SELECTOR = YES;
				GCC_WARN_UNINITIALIZED_AUTOS = YES_AGGRESSIVE;
				GCC_WARN_UNUSED_FUNCTION = YES;
				GCC_WARN_UNUSED_VARIABLE = YES;
				IPHONEOS_DEPLOYMENT_TARGET = 17.4;
				LOCALIZATION_PREFERS_STRING_CATALOGS = YES;
				MTL_ENABLE_DEBUG_INFO = INCLUDE_SOURCE;
				MTL_FAST_MATH = YES;
				ONLY_ACTIVE_ARCH = YES;
				SDKROOT = iphoneos;
				SWIFT_ACTIVE_COMPILATION_CONDITIONS = "DEBUG $(inherited)";
				SWIFT_OPTIMIZATION_LEVEL = "-Onone";
			};
			name = Debug;
		};
		159E50AB2BD0C91A0090FD01 /* Release */ = {
			isa = XCBuildConfiguration;
			buildSettings = {
				ALWAYS_SEARCH_USER_PATHS = NO;
				ASSETCATALOG_COMPILER_GENERATE_SWIFT_ASSET_SYMBOL_EXTENSIONS = YES;
				CLANG_ANALYZER_NONNULL = YES;
				CLANG_ANALYZER_NUMBER_OBJECT_CONVERSION = YES_AGGRESSIVE;
				CLANG_CXX_LANGUAGE_STANDARD = "gnu++20";
				CLANG_ENABLE_MODULES = YES;
				CLANG_ENABLE_OBJC_ARC = YES;
				CLANG_ENABLE_OBJC_WEAK = YES;
				CLANG_WARN_BLOCK_CAPTURE_AUTORELEASING = YES;
				CLANG_WARN_BOOL_CONVERSION = YES;
				CLANG_WARN_COMMA = YES;
				CLANG_WARN_CONSTANT_CONVERSION = YES;
				CLANG_WARN_DEPRECATED_OBJC_IMPLEMENTATIONS = YES;
				CLANG_WARN_DIRECT_OBJC_ISA_USAGE = YES_ERROR;
				CLANG_WARN_DOCUMENTATION_COMMENTS = YES;
				CLANG_WARN_EMPTY_BODY = YES;
				CLANG_WARN_ENUM_CONVERSION = YES;
				CLANG_WARN_INFINITE_RECURSION = YES;
				CLANG_WARN_INT_CONVERSION = YES;
				CLANG_WARN_NON_LITERAL_NULL_CONVERSION = YES;
				CLANG_WARN_OBJC_IMPLICIT_RETAIN_SELF = YES;
				CLANG_WARN_OBJC_LITERAL_CONVERSION = YES;
				CLANG_WARN_OBJC_ROOT_CLASS = YES_ERROR;
				CLANG_WARN_QUOTED_INCLUDE_IN_FRAMEWORK_HEADER = YES;
				CLANG_WARN_RANGE_LOOP_ANALYSIS = YES;
				CLANG_WARN_STRICT_PROTOTYPES = YES;
				CLANG_WARN_SUSPICIOUS_MOVE = YES;
				CLANG_WARN_UNGUARDED_AVAILABILITY = YES_AGGRESSIVE;
				CLANG_WARN_UNREACHABLE_CODE = YES;
				CLANG_WARN__DUPLICATE_METHOD_MATCH = YES;
				COPY_PHASE_STRIP = NO;
				DEBUG_INFORMATION_FORMAT = "dwarf-with-dsym";
				ENABLE_NS_ASSERTIONS = NO;
				ENABLE_STRICT_OBJC_MSGSEND = YES;
				ENABLE_USER_SCRIPT_SANDBOXING = YES;
				GCC_C_LANGUAGE_STANDARD = gnu17;
				GCC_NO_COMMON_BLOCKS = YES;
				GCC_WARN_64_TO_32_BIT_CONVERSION = YES;
				GCC_WARN_ABOUT_RETURN_TYPE = YES_ERROR;
				GCC_WARN_UNDECLARED_SELECTOR = YES;
				GCC_WARN_UNINITIALIZED_AUTOS = YES_AGGRESSIVE;
				GCC_WARN_UNUSED_FUNCTION = YES;
				GCC_WARN_UNUSED_VARIABLE = YES;
				IPHONEOS_DEPLOYMENT_TARGET = 17.4;
				LOCALIZATION_PREFERS_STRING_CATALOGS = YES;
				MTL_ENABLE_DEBUG_INFO = NO;
				MTL_FAST_MATH = YES;
				SDKROOT = iphoneos;
				SWIFT_COMPILATION_MODE = wholemodule;
				VALIDATE_PRODUCT = YES;
			};
			name = Release;
		};
		159E50AD2BD0C91A0090FD01 /* Debug */ = {
			isa = XCBuildConfiguration;
			buildSettings = {
				ASSETCATALOG_COMPILER_APPICON_NAME = AppIcon;
				ASSETCATALOG_COMPILER_GLOBAL_ACCENT_COLOR_NAME = AccentColor;
				CODE_SIGN_STYLE = Automatic;
				CURRENT_PROJECT_VERSION = 1;
				DEVELOPMENT_ASSET_PATHS = "\"Blabber/Preview Content\"";
				DEVELOPMENT_TEAM = 3WR7CH3L52;
				ENABLE_PREVIEWS = YES;
				GENERATE_INFOPLIST_FILE = YES;
				INFOPLIST_FILE = Blabber/Info.plist;
				INFOPLIST_KEY_UIApplicationSceneManifest_Generation = YES;
				INFOPLIST_KEY_UIApplicationSupportsIndirectInputEvents = YES;
				INFOPLIST_KEY_UILaunchScreen_Generation = YES;
				INFOPLIST_KEY_UISupportedInterfaceOrientations_iPad = "UIInterfaceOrientationPortrait UIInterfaceOrientationPortraitUpsideDown UIInterfaceOrientationLandscapeLeft UIInterfaceOrientationLandscapeRight";
				INFOPLIST_KEY_UISupportedInterfaceOrientations_iPhone = "UIInterfaceOrientationPortrait UIInterfaceOrientationLandscapeLeft UIInterfaceOrientationLandscapeRight";
				LD_RUNPATH_SEARCH_PATHS = (
					"$(inherited)",
					"@executable_path/Frameworks",
				);
				MARKETING_VERSION = 1.0;
				PRODUCT_BUNDLE_IDENTIFIER = gowtham.Blabber;
				PRODUCT_NAME = "$(TARGET_NAME)";
				SWIFT_EMIT_LOC_STRINGS = YES;
				SWIFT_VERSION = 5.0;
				TARGETED_DEVICE_FAMILY = "1,2";
			};
			name = Debug;
		};
		159E50AE2BD0C91A0090FD01 /* Release */ = {
			isa = XCBuildConfiguration;
			buildSettings = {
				ASSETCATALOG_COMPILER_APPICON_NAME = AppIcon;
				ASSETCATALOG_COMPILER_GLOBAL_ACCENT_COLOR_NAME = AccentColor;
				CODE_SIGN_STYLE = Automatic;
				CURRENT_PROJECT_VERSION = 1;
				DEVELOPMENT_ASSET_PATHS = "\"Blabber/Preview Content\"";
				DEVELOPMENT_TEAM = 3WR7CH3L52;
				ENABLE_PREVIEWS = YES;
				GENERATE_INFOPLIST_FILE = YES;
				INFOPLIST_FILE = Blabber/Info.plist;
				INFOPLIST_KEY_UIApplicationSceneManifest_Generation = YES;
				INFOPLIST_KEY_UIApplicationSupportsIndirectInputEvents = YES;
				INFOPLIST_KEY_UILaunchScreen_Generation = YES;
				INFOPLIST_KEY_UISupportedInterfaceOrientations_iPad = "UIInterfaceOrientationPortrait UIInterfaceOrientationPortraitUpsideDown UIInterfaceOrientationLandscapeLeft UIInterfaceOrientationLandscapeRight";
				INFOPLIST_KEY_UISupportedInterfaceOrientations_iPhone = "UIInterfaceOrientationPortrait UIInterfaceOrientationLandscapeLeft UIInterfaceOrientationLandscapeRight";
				LD_RUNPATH_SEARCH_PATHS = (
					"$(inherited)",
					"@executable_path/Frameworks",
				);
				MARKETING_VERSION = 1.0;
				PRODUCT_BUNDLE_IDENTIFIER = gowtham.Blabber;
				PRODUCT_NAME = "$(TARGET_NAME)";
				SWIFT_EMIT_LOC_STRINGS = YES;
				SWIFT_VERSION = 5.0;
				TARGETED_DEVICE_FAMILY = "1,2";
			};
			name = Release;
		};
		159E50B02BD0C91A0090FD01 /* Debug */ = {
			isa = XCBuildConfiguration;
			buildSettings = {
				ALWAYS_EMBED_SWIFT_STANDARD_LIBRARIES = YES;
				BUNDLE_LOADER = "$(TEST_HOST)";
				CODE_SIGN_STYLE = Automatic;
				CURRENT_PROJECT_VERSION = 1;
				DEVELOPMENT_TEAM = 3WR7CH3L52;
				GENERATE_INFOPLIST_FILE = YES;
				IPHONEOS_DEPLOYMENT_TARGET = 17.4;
				MARKETING_VERSION = 1.0;
				PRODUCT_BUNDLE_IDENTIFIER = gowtham.BlabberTests;
				PRODUCT_NAME = "$(TARGET_NAME)";
				SWIFT_EMIT_LOC_STRINGS = NO;
				SWIFT_VERSION = 5.0;
				TARGETED_DEVICE_FAMILY = "1,2";
				TEST_HOST = "$(BUILT_PRODUCTS_DIR)/Blabber.app/$(BUNDLE_EXECUTABLE_FOLDER_PATH)/Blabber";
			};
			name = Debug;
		};
		159E50B12BD0C91A0090FD01 /* Release */ = {
			isa = XCBuildConfiguration;
			buildSettings = {
				ALWAYS_EMBED_SWIFT_STANDARD_LIBRARIES = YES;
				BUNDLE_LOADER = "$(TEST_HOST)";
				CODE_SIGN_STYLE = Automatic;
				CURRENT_PROJECT_VERSION = 1;
				DEVELOPMENT_TEAM = 3WR7CH3L52;
				GENERATE_INFOPLIST_FILE = YES;
				IPHONEOS_DEPLOYMENT_TARGET = 17.4;
				MARKETING_VERSION = 1.0;
				PRODUCT_BUNDLE_IDENTIFIER = gowtham.BlabberTests;
				PRODUCT_NAME = "$(TARGET_NAME)";
				SWIFT_EMIT_LOC_STRINGS = NO;
				SWIFT_VERSION = 5.0;
				TARGETED_DEVICE_FAMILY = "1,2";
				TEST_HOST = "$(BUILT_PRODUCTS_DIR)/Blabber.app/$(BUNDLE_EXECUTABLE_FOLDER_PATH)/Blabber";
			};
			name = Release;
		};
		159E50B32BD0C91A0090FD01 /* Debug */ = {
			isa = XCBuildConfiguration;
			buildSettings = {
				ALWAYS_EMBED_SWIFT_STANDARD_LIBRARIES = YES;
				CODE_SIGN_STYLE = Automatic;
				CURRENT_PROJECT_VERSION = 1;
				DEVELOPMENT_TEAM = 3WR7CH3L52;
				GENERATE_INFOPLIST_FILE = YES;
				MARKETING_VERSION = 1.0;
				PRODUCT_BUNDLE_IDENTIFIER = gowtham.BlabberUITests;
				PRODUCT_NAME = "$(TARGET_NAME)";
				SWIFT_EMIT_LOC_STRINGS = NO;
				SWIFT_VERSION = 5.0;
				TARGETED_DEVICE_FAMILY = "1,2";
				TEST_TARGET_NAME = Blabber;
			};
			name = Debug;
		};
		159E50B42BD0C91A0090FD01 /* Release */ = {
			isa = XCBuildConfiguration;
			buildSettings = {
				ALWAYS_EMBED_SWIFT_STANDARD_LIBRARIES = YES;
				CODE_SIGN_STYLE = Automatic;
				CURRENT_PROJECT_VERSION = 1;
				DEVELOPMENT_TEAM = 3WR7CH3L52;
				GENERATE_INFOPLIST_FILE = YES;
				MARKETING_VERSION = 1.0;
				PRODUCT_BUNDLE_IDENTIFIER = gowtham.BlabberUITests;
				PRODUCT_NAME = "$(TARGET_NAME)";
				SWIFT_EMIT_LOC_STRINGS = NO;
				SWIFT_VERSION = 5.0;
				TARGETED_DEVICE_FAMILY = "1,2";
				TEST_TARGET_NAME = Blabber;
			};
			name = Release;
		};
/* End XCBuildConfiguration section */

/* Begin XCConfigurationList section */
		159E50832BD0C9190090FD01 /* Build configuration list for PBXProject "Blabber" */ = {
			isa = XCConfigurationList;
			buildConfigurations = (
				159E50AA2BD0C91A0090FD01 /* Debug */,
				159E50AB2BD0C91A0090FD01 /* Release */,
			);
			defaultConfigurationIsVisible = 0;
			defaultConfigurationName = Release;
		};
		159E50AC2BD0C91A0090FD01 /* Build configuration list for PBXNativeTarget "Blabber" */ = {
			isa = XCConfigurationList;
			buildConfigurations = (
				159E50AD2BD0C91A0090FD01 /* Debug */,
				159E50AE2BD0C91A0090FD01 /* Release */,
			);
			defaultConfigurationIsVisible = 0;
			defaultConfigurationName = Release;
		};
		159E50AF2BD0C91A0090FD01 /* Build configuration list for PBXNativeTarget "BlabberTests" */ = {
			isa = XCConfigurationList;
			buildConfigurations = (
				159E50B02BD0C91A0090FD01 /* Debug */,
				159E50B12BD0C91A0090FD01 /* Release */,
			);
			defaultConfigurationIsVisible = 0;
			defaultConfigurationName = Release;
		};
		159E50B22BD0C91A0090FD01 /* Build configuration list for PBXNativeTarget "BlabberUITests" */ = {
			isa = XCConfigurationList;
			buildConfigurations = (
				159E50B32BD0C91A0090FD01 /* Debug */,
				159E50B42BD0C91A0090FD01 /* Release */,
			);
			defaultConfigurationIsVisible = 0;
			defaultConfigurationName = Release;
		};
/* End XCConfigurationList section */
	};
	rootObject = 159E50802BD0C9190090FD01 /* Project object */;
}
